
Microsoft Visual Studio Solution File, Format Version 12.00
# Visual Studio Version 17
VisualStudioVersion = 17.11.35312.102
MinimumVisualStudioVersion = 10.0.40219.1
Project("{9A19103F-16F7-4668-BE54-9A1E7A4F7556}") = "DbCore", "DbCore\DbCore.csproj", "{4CC744D5-671F-4F40-84DC-B468B5EA5504}"
EndProject
Project("{9A19103F-16F7-4668-BE54-9A1E7A4F7556}") = "Tools", "Tools\Tools.csproj", "{DA0F95BF-81CE-4893-9132-0B0FA0D5B7F8}"
EndProject
Project("{9A19103F-16F7-4668-BE54-9A1E7A4F7556}") = "DALCore", "CoreService\DALCore.csproj", "{358EEA13-8411-453F-BBED-6AD559D0740B}"
EndProject
Project("{9A19103F-16F7-4668-BE54-9A1E7A4F7556}") = "ServicesCore", "ServicesCore\ServicesCore.csproj", "{A17FB509-B568-4886-8836-24C804C8CE48}"
EndProject
Project("{FAE04EC0-301F-11D3-BF4B-00C04F79EFBC}") = "Shared", "Shared\Shared.csproj", "{20E14B70-7603-49A8-8F52-93DBD27C1760}"
EndProject
Global
	GlobalSection(SolutionConfigurationPlatforms) = preSolution
		Debug|Any CPU = Debug|Any CPU
		Release|Any CPU = Release|Any CPU
	EndGlobalSection
	GlobalSection(ProjectConfigurationPlatforms) = postSolution
		{4CC744D5-671F-4F40-84DC-B468B5EA5504}.Debug|Any CPU.ActiveCfg = Debug|Any CPU
		{4CC744D5-671F-4F40-84DC-B468B5EA5504}.Debug|Any CPU.Build.0 = Debug|Any CPU
		{4CC744D5-671F-4F40-84DC-B468B5EA5504}.Release|Any CPU.ActiveCfg = Release|Any CPU
		{4CC744D5-671F-4F40-84DC-B468B5EA5504}.Release|Any CPU.Build.0 = Release|Any CPU
		{DA0F95BF-81CE-4893-9132-0B0FA0D5B7F8}.Debug|Any CPU.ActiveCfg = Debug|Any CPU
		{DA0F95BF-81CE-4893-9132-0B0FA0D5B7F8}.Debug|Any CPU.Build.0 = Debug|Any CPU
		{DA0F95BF-81CE-4893-9132-0B0FA0D5B7F8}.Release|Any CPU.ActiveCfg = Release|Any CPU
		{DA0F95BF-81CE-4893-9132-0B0FA0D5B7F8}.Release|Any CPU.Build.0 = Release|Any CPU
		{358EEA13-8411-453F-BBED-6AD559D0740B}.Debug|Any CPU.ActiveCfg = Debug|Any CPU
		{358EEA13-8411-453F-BBED-6AD559D0740B}.Debug|Any CPU.Build.0 = Debug|Any CPU
		{358EEA13-8411-453F-BBED-6AD559D0740B}.Release|Any CPU.ActiveCfg = Release|Any CPU
		{358EEA13-8411-453F-BBED-6AD559D0740B}.Release|Any CPU.Build.0 = Release|Any CPU
		{A17FB509-B568-4886-8836-24C804C8CE48}.Debug|Any CPU.ActiveCfg = Debug|Any CPU
		{A17FB509-B568-4886-8836-24C804C8CE48}.Debug|Any CPU.Build.0 = Debug|Any CPU
		{A17FB509-B568-4886-8836-24C804C8CE48}.Release|Any CPU.ActiveCfg = Release|Any CPU
		{A17FB509-B568-4886-8836-24C804C8CE48}.Release|Any CPU.Build.0 = Release|Any CPU
		{20E14B70-7603-49A8-8F52-93DBD27C1760}.Debug|Any CPU.ActiveCfg = Debug|Any CPU
		{20E14B70-7603-49A8-8F52-93DBD27C1760}.Debug|Any CPU.Build.0 = Debug|Any CPU
		{20E14B70-7603-49A8-8F52-93DBD27C1760}.Release|Any CPU.ActiveCfg = Release|Any CPU
		{20E14B70-7603-49A8-8F52-93DBD27C1760}.Release|Any CPU.Build.0 = Release|Any CPU
	EndGlobalSection
	GlobalSection(SolutionProperties) = preSolution
		HideSolutionNode = FALSE
	EndGlobalSection
	GlobalSection(ExtensibilityGlobals) = postSolution
		SolutionGuid = {C7DFC58D-6661-4DC3-9A7F-AA2DA488EF22}
	EndGlobalSection
EndGlobal
